
Microsoft Visual Studio Solution File, Format Version 12.00
# Visual Studio Version 17
VisualStudioVersion = 17.5.002.0
MinimumVisualStudioVersion = 10.0.40219.1
Project("{9A19103F-16F7-4668-BE54-9A1E7A4F7556}") = "TuringClothes", "TuringClothes.csproj", "{A5F7D37C-9DE5-43A0-A25B-A9AE69EABFD6}"
EndProject
Global
	GlobalSection(SolutionConfigurationPlatforms) = preSolution
		Debug|Any CPU = Debug|Any CPU
		Release|Any CPU = Release|Any CPU
	EndGlobalSection
	GlobalSection(ProjectConfigurationPlatforms) = postSolution
		{A5F7D37C-9DE5-43A0-A25B-A9AE69EABFD6}.Debug|Any CPU.ActiveCfg = Debug|Any CPU
		{A5F7D37C-9DE5-43A0-A25B-A9AE69EABFD6}.Debug|Any CPU.Build.0 = Debug|Any CPU
		{A5F7D37C-9DE5-43A0-A25B-A9AE69EABFD6}.Release|Any CPU.ActiveCfg = Release|Any CPU
		{A5F7D37C-9DE5-43A0-A25B-A9AE69EABFD6}.Release|Any CPU.Build.0 = Release|Any CPU
	EndGlobalSection
	GlobalSection(SolutionProperties) = preSolution
		HideSolutionNode = FALSE
	EndGlobalSection
	GlobalSection(ExtensibilityGlobals) = postSolution
		SolutionGuid = {15B29DEE-7E1F-4009-98CF-D8340D643234}
	EndGlobalSection
EndGlobal
